
Microsoft Visual Studio Solution File, Format Version 12.00
# Visual Studio Version 17
VisualStudioVersion = 17.12.35527.113
MinimumVisualStudioVersion = 10.0.40219.1
Project("{FAE04EC0-301F-11D3-BF4B-00C04F79EFBC}") = "VisualCelesteCutscene", "VisualCelesteCutscene\VisualCelesteCutscene.csproj", "{D3D005B9-22FC-468B-AAF5-50FE7C66E88F}"
EndProject
Project("{FAE04EC0-301F-11D3-BF4B-00C04F79EFBC}") = "Saladim.Blockly", "Saladim.Blockly\Saladim.Blockly.csproj", "{2E517439-10A0-48C8-9092-975CD0582CC7}"
EndProject
Project("{2150E333-8FDC-42A3-9474-1A3956D46DE8}") = "Solution Items", "Solution Items", "{2826B8AE-322F-429D-9548-329C8E0DC2B7}"
	ProjectSection(SolutionItems) = preProject
		.editorconfig = .editorconfig
		.filenesting.json = .filenesting.json
		Directory.Build.props = Directory.Build.props
		README.md = README.md
		LICENSE.txt = LICENSE.txt
	EndProjectSection
EndProject
Project("{FAE04EC0-301F-11D3-BF4B-00C04F79EFBC}") = "VisualCelesteCutscene.Helper", "VisualCelesteCutscene.Helper\VisualCelesteCutscene.Helper.csproj", "{6B4C83BA-A077-45AE-AED1-F81F8471A114}"
EndProject
Project("{13B669BE-BB05-4DDF-9536-439F39A36129}") = "CelesteDialog", "CelesteDialog\CelesteDialog.msbuildproj", "{00BB1812-9ABF-4C7D-A1EF-2C2890D8F22C}"
EndProject
Global
	GlobalSection(SolutionConfigurationPlatforms) = preSolution
		Debug|Any CPU = Debug|Any CPU
		Release|Any CPU = Release|Any CPU
	EndGlobalSection
	GlobalSection(ProjectConfigurationPlatforms) = postSolution
		{D3D005B9-22FC-468B-AAF5-50FE7C66E88F}.Debug|Any CPU.ActiveCfg = Debug|Any CPU
		{D3D005B9-22FC-468B-AAF5-50FE7C66E88F}.Debug|Any CPU.Build.0 = Debug|Any CPU
		{D3D005B9-22FC-468B-AAF5-50FE7C66E88F}.Release|Any CPU.ActiveCfg = Release|Any CPU
		{D3D005B9-22FC-468B-AAF5-50FE7C66E88F}.Release|Any CPU.Build.0 = Release|Any CPU
		{2E517439-10A0-48C8-9092-975CD0582CC7}.Debug|Any CPU.ActiveCfg = Debug|Any CPU
		{2E517439-10A0-48C8-9092-975CD0582CC7}.Debug|Any CPU.Build.0 = Debug|Any CPU
		{2E517439-10A0-48C8-9092-975CD0582CC7}.Release|Any CPU.ActiveCfg = Release|Any CPU
		{2E517439-10A0-48C8-9092-975CD0582CC7}.Release|Any CPU.Build.0 = Release|Any CPU
		{6B4C83BA-A077-45AE-AED1-F81F8471A114}.Debug|Any CPU.ActiveCfg = Debug|Any CPU
		{6B4C83BA-A077-45AE-AED1-F81F8471A114}.Debug|Any CPU.Build.0 = Debug|Any CPU
		{6B4C83BA-A077-45AE-AED1-F81F8471A114}.Release|Any CPU.ActiveCfg = Release|Any CPU
		{6B4C83BA-A077-45AE-AED1-F81F8471A114}.Release|Any CPU.Build.0 = Release|Any CPU
		{00BB1812-9ABF-4C7D-A1EF-2C2890D8F22C}.Debug|Any CPU.ActiveCfg = Debug|Any CPU
		{00BB1812-9ABF-4C7D-A1EF-2C2890D8F22C}.Debug|Any CPU.Build.0 = Debug|Any CPU
		{00BB1812-9ABF-4C7D-A1EF-2C2890D8F22C}.Release|Any CPU.ActiveCfg = Release|Any CPU
		{00BB1812-9ABF-4C7D-A1EF-2C2890D8F22C}.Release|Any CPU.Build.0 = Release|Any CPU
	EndGlobalSection
	GlobalSection(SolutionProperties) = preSolution
		HideSolutionNode = FALSE
	EndGlobalSection
EndGlobal
